
Microsoft Visual Studio Solution File, Format Version 12.00
# Visual Studio Version 17
VisualStudioVersion = 17.12.35707.178 d17.12
MinimumVisualStudioVersion = 10.0.40219.1
Project("{FAE04EC0-301F-11D3-BF4B-00C04F79EFBC}") = "DTO", "DTO\DTO.csproj", "{B42334B7-C257-417C-8576-52A414D4E1BF}"
EndProject
Project("{2150E333-8FDC-42A3-9474-1A3956D46DE8}") = "0_DTOs", "0_DTOs", "{AFECBC49-4458-47C4-8833-E1C292B2A6CA}"
EndProject
Project("{2150E333-8FDC-42A3-9474-1A3956D46DE8}") = "1_DataAccess", "1_DataAccess", "{2FB739B2-AC48-4874-A7C8-41EC36F9F09E}"
EndProject
Project("{2150E333-8FDC-42A3-9474-1A3956D46DE8}") = "2_CoreApp", "2_CoreApp", "{0679B5A0-C622-4F2F-B7EE-6E036DF1BA84}"
EndProject
Project("{FAE04EC0-301F-11D3-BF4B-00C04F79EFBC}") = "DataAccess", "DataAccess\DataAccess.csproj", "{C94E09FB-4709-4679-A4F4-F8A78CE9BBE2}"
EndProject
Project("{FAE04EC0-301F-11D3-BF4B-00C04F79EFBC}") = "CoreApp", "CoreApp\CoreApp.csproj", "{2F375A77-F887-4820-89A7-11FF382D5220}"
EndProject
Project("{2150E333-8FDC-42A3-9474-1A3956D46DE8}") = "3_WebApi", "3_WebApi", "{913A61F4-6CE6-4175-8903-0FF51057C46B}"
EndProject
Project("{FAE04EC0-301F-11D3-BF4B-00C04F79EFBC}") = "WebApi.AppHost", "WebApi\WebApi.AppHost\WebApi.AppHost.csproj", "{E55B7D80-AFA1-4EAA-948C-9F7A4E84CF82}"
EndProject
Project("{FAE04EC0-301F-11D3-BF4B-00C04F79EFBC}") = "WebApi.ServiceDefaults", "WebApi\WebApi.ServiceDefaults\WebApi.ServiceDefaults.csproj", "{682B7087-0DC3-4E7C-9D16-0EC059BE4072}"
EndProject
Project("{FAE04EC0-301F-11D3-BF4B-00C04F79EFBC}") = "WebApi.ApiService", "WebApi\WebApi.ApiService\WebApi.ApiService.csproj", "{320737D9-17E7-4FA9-9E12-5845910BD941}"
EndProject
Project("{FAE04EC0-301F-11D3-BF4B-00C04F79EFBC}") = "WebApi.Web", "WebApi\WebApi.Web\WebApi.Web.csproj", "{D693FE46-F411-4D72-BAFE-10703873E3D3}"
EndProject
Project("{2150E333-8FDC-42A3-9474-1A3956D46DE8}") = "4_WebApp", "4_WebApp", "{E1A2DDD6-784D-4E1D-A4B0-681C53EC8318}"
EndProject
Project("{FAE04EC0-301F-11D3-BF4B-00C04F79EFBC}") = "WebApp", "WebApp\WebApp.csproj", "{EFD66104-29FC-4037-A628-976FB9B15131}"
EndProject
Project("{2150E333-8FDC-42A3-9474-1A3956D46DE8}") = "9_Tests", "9_Tests", "{28898409-CC03-4F7D-94BA-31B8C12E716A}"
EndProject
Project("{FAE04EC0-301F-11D3-BF4B-00C04F79EFBC}") = "ConsoleApp", "ConsoleApp\ConsoleApp.csproj", "{8F6AC183-E651-4107-A316-779B6EBD2018}"
EndProject
Global
	GlobalSection(SolutionConfigurationPlatforms) = preSolution
		Debug|Any CPU = Debug|Any CPU
		Release|Any CPU = Release|Any CPU
	EndGlobalSection
	GlobalSection(ProjectConfigurationPlatforms) = postSolution
		{B42334B7-C257-417C-8576-52A414D4E1BF}.Debug|Any CPU.ActiveCfg = Debug|Any CPU
		{B42334B7-C257-417C-8576-52A414D4E1BF}.Debug|Any CPU.Build.0 = Debug|Any CPU
		{B42334B7-C257-417C-8576-52A414D4E1BF}.Release|Any CPU.ActiveCfg = Release|Any CPU
		{B42334B7-C257-417C-8576-52A414D4E1BF}.Release|Any CPU.Build.0 = Release|Any CPU
		{C94E09FB-4709-4679-A4F4-F8A78CE9BBE2}.Debug|Any CPU.ActiveCfg = Debug|Any CPU
		{C94E09FB-4709-4679-A4F4-F8A78CE9BBE2}.Debug|Any CPU.Build.0 = Debug|Any CPU
		{C94E09FB-4709-4679-A4F4-F8A78CE9BBE2}.Release|Any CPU.ActiveCfg = Release|Any CPU
		{C94E09FB-4709-4679-A4F4-F8A78CE9BBE2}.Release|Any CPU.Build.0 = Release|Any CPU
		{2F375A77-F887-4820-89A7-11FF382D5220}.Debug|Any CPU.ActiveCfg = Debug|Any CPU
		{2F375A77-F887-4820-89A7-11FF382D5220}.Debug|Any CPU.Build.0 = Debug|Any CPU
		{2F375A77-F887-4820-89A7-11FF382D5220}.Release|Any CPU.ActiveCfg = Release|Any CPU
		{2F375A77-F887-4820-89A7-11FF382D5220}.Release|Any CPU.Build.0 = Release|Any CPU
		{E55B7D80-AFA1-4EAA-948C-9F7A4E84CF82}.Debug|Any CPU.ActiveCfg = Debug|Any CPU
		{E55B7D80-AFA1-4EAA-948C-9F7A4E84CF82}.Debug|Any CPU.Build.0 = Debug|Any CPU
		{E55B7D80-AFA1-4EAA-948C-9F7A4E84CF82}.Release|Any CPU.ActiveCfg = Release|Any CPU
		{E55B7D80-AFA1-4EAA-948C-9F7A4E84CF82}.Release|Any CPU.Build.0 = Release|Any CPU
		{682B7087-0DC3-4E7C-9D16-0EC059BE4072}.Debug|Any CPU.ActiveCfg = Debug|Any CPU
		{682B7087-0DC3-4E7C-9D16-0EC059BE4072}.Debug|Any CPU.Build.0 = Debug|Any CPU
		{682B7087-0DC3-4E7C-9D16-0EC059BE4072}.Release|Any CPU.ActiveCfg = Release|Any CPU
		{682B7087-0DC3-4E7C-9D16-0EC059BE4072}.Release|Any CPU.Build.0 = Release|Any CPU
		{320737D9-17E7-4FA9-9E12-5845910BD941}.Debug|Any CPU.ActiveCfg = Debug|Any CPU
		{320737D9-17E7-4FA9-9E12-5845910BD941}.Debug|Any CPU.Build.0 = Debug|Any CPU
		{320737D9-17E7-4FA9-9E12-5845910BD941}.Release|Any CPU.ActiveCfg = Release|Any CPU
		{320737D9-17E7-4FA9-9E12-5845910BD941}.Release|Any CPU.Build.0 = Release|Any CPU
		{D693FE46-F411-4D72-BAFE-10703873E3D3}.Debug|Any CPU.ActiveCfg = Debug|Any CPU
		{D693FE46-F411-4D72-BAFE-10703873E3D3}.Debug|Any CPU.Build.0 = Debug|Any CPU
		{D693FE46-F411-4D72-BAFE-10703873E3D3}.Release|Any CPU.ActiveCfg = Release|Any CPU
		{D693FE46-F411-4D72-BAFE-10703873E3D3}.Release|Any CPU.Build.0 = Release|Any CPU
		{EFD66104-29FC-4037-A628-976FB9B15131}.Debug|Any CPU.ActiveCfg = Debug|Any CPU
		{EFD66104-29FC-4037-A628-976FB9B15131}.Debug|Any CPU.Build.0 = Debug|Any CPU
		{EFD66104-29FC-4037-A628-976FB9B15131}.Release|Any CPU.ActiveCfg = Release|Any CPU
		{EFD66104-29FC-4037-A628-976FB9B15131}.Release|Any CPU.Build.0 = Release|Any CPU
		{8F6AC183-E651-4107-A316-779B6EBD2018}.Debug|Any CPU.ActiveCfg = Debug|Any CPU
		{8F6AC183-E651-4107-A316-779B6EBD2018}.Debug|Any CPU.Build.0 = Debug|Any CPU
		{8F6AC183-E651-4107-A316-779B6EBD2018}.Release|Any CPU.ActiveCfg = Release|Any CPU
		{8F6AC183-E651-4107-A316-779B6EBD2018}.Release|Any CPU.Build.0 = Release|Any CPU
	EndGlobalSection
	GlobalSection(SolutionProperties) = preSolution
		HideSolutionNode = FALSE
	EndGlobalSection
	GlobalSection(NestedProjects) = preSolution
		{B42334B7-C257-417C-8576-52A414D4E1BF} = {AFECBC49-4458-47C4-8833-E1C292B2A6CA}
		{C94E09FB-4709-4679-A4F4-F8A78CE9BBE2} = {2FB739B2-AC48-4874-A7C8-41EC36F9F09E}
		{2F375A77-F887-4820-89A7-11FF382D5220} = {0679B5A0-C622-4F2F-B7EE-6E036DF1BA84}
		{E55B7D80-AFA1-4EAA-948C-9F7A4E84CF82} = {913A61F4-6CE6-4175-8903-0FF51057C46B}
		{682B7087-0DC3-4E7C-9D16-0EC059BE4072} = {913A61F4-6CE6-4175-8903-0FF51057C46B}
		{320737D9-17E7-4FA9-9E12-5845910BD941} = {913A61F4-6CE6-4175-8903-0FF51057C46B}
		{D693FE46-F411-4D72-BAFE-10703873E3D3} = {913A61F4-6CE6-4175-8903-0FF51057C46B}
		{EFD66104-29FC-4037-A628-976FB9B15131} = {E1A2DDD6-784D-4E1D-A4B0-681C53EC8318}
		{8F6AC183-E651-4107-A316-779B6EBD2018} = {28898409-CC03-4F7D-94BA-31B8C12E716A}
	EndGlobalSection
EndGlobal
